// !$*UTF8*$!
{
	archiveVersion = 1;
	classes = {
	};
	objectVersion = 56;
	objects = {

/* Begin PBXBuildFile section */
		FAFF91442C71879600BB1956 /* AppDelegate.swift in Sources */ = {isa = PBXBuildFile; fileRef = FAFF91432C71879600BB1956 /* AppDelegate.swift */; };
		FAFF91462C71879600BB1956 /* SceneDelegate.swift in Sources */ = {isa = PBXBuildFile; fileRef = FAFF91452C71879600BB1956 /* SceneDelegate.swift */; };
		FAFF91482C71879600BB1956 /* DetailViewController.swift in Sources */ = {isa = PBXBuildFile; fileRef = FAFF91472C71879600BB1956 /* DetailViewController.swift */; };
		FAFF914E2C71879600BB1956 /* AugmentedNewspaper.xcdatamodeld in Sources */ = {isa = PBXBuildFile; fileRef = FAFF914C2C71879600BB1956 /* AugmentedNewspaper.xcdatamodeld */; };
		FAFF91502C71879900BB1956 /* Assets.xcassets in Resources */ = {isa = PBXBuildFile; fileRef = FAFF914F2C71879900BB1956 /* Assets.xcassets */; };
		FAFF915E2C71879900BB1956 /* AugmentedNewspaperTests.swift in Sources */ = {isa = PBXBuildFile; fileRef = FAFF915D2C71879900BB1956 /* AugmentedNewspaperTests.swift */; };
		FAFF917A2C72B4E100BB1956 /* OfferView.swift in Sources */ = {isa = PBXBuildFile; fileRef = FAFF91792C72B4E100BB1956 /* OfferView.swift */; };
		FAFF917E2C72B7E800BB1956 /* SubscriptionPage.swift in Sources */ = {isa = PBXBuildFile; fileRef = FAFF917D2C72B7E800BB1956 /* SubscriptionPage.swift */; };
		FAFF91802C72BA1100BB1956 /* CircleButton.swift in Sources */ = {isa = PBXBuildFile; fileRef = FAFF917F2C72BA1100BB1956 /* CircleButton.swift */; };
		FAFF91822C72DA4800BB1956 /* DetailViewModel.swift in Sources */ = {isa = PBXBuildFile; fileRef = FAFF91812C72DA4800BB1956 /* DetailViewModel.swift */; };
		FAFF91862C72E79800BB1956 /* OfferStackView.swift in Sources */ = {isa = PBXBuildFile; fileRef = FAFF91852C72E79800BB1956 /* OfferStackView.swift */; };
		FAFF91882C72F29D00BB1956 /* BenefitStackView.swift in Sources */ = {isa = PBXBuildFile; fileRef = FAFF91872C72F29D00BB1956 /* BenefitStackView.swift */; };
		FAFF918A2C72F35000BB1956 /* Offer.swift in Sources */ = {isa = PBXBuildFile; fileRef = FAFF91892C72F35000BB1956 /* Offer.swift */; };
		FAFF918C2C72F36700BB1956 /* SubscriptionDetails.swift in Sources */ = {isa = PBXBuildFile; fileRef = FAFF918B2C72F36700BB1956 /* SubscriptionDetails.swift */; };
		FAFFF9052C72F7EA00B60D8E /* BenefitView.swift in Sources */ = {isa = PBXBuildFile; fileRef = FAFFF9042C72F7EA00B60D8E /* BenefitView.swift */; };
		FAFFF9072C730A5F00B60D8E /* SpacerView.swift in Sources */ = {isa = PBXBuildFile; fileRef = FAFFF9062C730A5F00B60D8E /* SpacerView.swift */; };
		FAFFF90D2C730D5400B60D8E /* HeaderView.swift in Sources */ = {isa = PBXBuildFile; fileRef = FAFFF90C2C730D5400B60D8E /* HeaderView.swift */; };
		FAFFF9102C730F1A00B60D8E /* UIImageViewExtensions.swift in Sources */ = {isa = PBXBuildFile; fileRef = FAFFF90F2C730F1A00B60D8E /* UIImageViewExtensions.swift */; };
		FAFFF9122C7311D500B60D8E /* LoadingImageView.swift in Sources */ = {isa = PBXBuildFile; fileRef = FAFFF9112C7311D500B60D8E /* LoadingImageView.swift */; };
		FAFFF9142C73146F00B60D8E /* SubscriptionService.swift in Sources */ = {isa = PBXBuildFile; fileRef = FAFFF9132C73146F00B60D8E /* SubscriptionService.swift */; };
		FAFFF9172C731CDB00B60D8E /* CoreDataService.swift in Sources */ = {isa = PBXBuildFile; fileRef = FAFFF9162C731CDB00B60D8E /* CoreDataService.swift */; };
		FAFFF9192C731D5300B60D8E /* PersistenceController.swift in Sources */ = {isa = PBXBuildFile; fileRef = FAFFF9182C731D5300B60D8E /* PersistenceController.swift */; };
		FAFFF91C2C7328EC00B60D8E /* MockSubscriptionService.swift in Sources */ = {isa = PBXBuildFile; fileRef = FAFFF91B2C7328EB00B60D8E /* MockSubscriptionService.swift */; };
		FAFFF91E2C73291100B60D8E /* MockCoreDataService.swift in Sources */ = {isa = PBXBuildFile; fileRef = FAFFF91D2C73291100B60D8E /* MockCoreDataService.swift */; };
/* End PBXBuildFile section */

/* Begin PBXContainerItemProxy section */
		FAFF915A2C71879900BB1956 /* PBXContainerItemProxy */ = {
			isa = PBXContainerItemProxy;
			containerPortal = FAFF91382C71879600BB1956 /* Project object */;
			proxyType = 1;
			remoteGlobalIDString = FAFF913F2C71879600BB1956;
			remoteInfo = AugmentedNewspaper;
		};
/* End PBXContainerItemProxy section */

/* Begin PBXFileReference section */
		FAFF91402C71879600BB1956 /* AugmentedNewspaper.app */ = {isa = PBXFileReference; explicitFileType = wrapper.application; includeInIndex = 0; path = AugmentedNewspaper.app; sourceTree = BUILT_PRODUCTS_DIR; };
		FAFF91432C71879600BB1956 /* AppDelegate.swift */ = {isa = PBXFileReference; lastKnownFileType = sourcecode.swift; path = AppDelegate.swift; sourceTree = "<group>"; };
		FAFF91452C71879600BB1956 /* SceneDelegate.swift */ = {isa = PBXFileReference; lastKnownFileType = sourcecode.swift; path = SceneDelegate.swift; sourceTree = "<group>"; };
		FAFF91472C71879600BB1956 /* DetailViewController.swift */ = {isa = PBXFileReference; lastKnownFileType = sourcecode.swift; path = DetailViewController.swift; sourceTree = "<group>"; };
		FAFF914D2C71879600BB1956 /* AugmentedNewspaper.xcdatamodel */ = {isa = PBXFileReference; lastKnownFileType = wrapper.xcdatamodel; path = AugmentedNewspaper.xcdatamodel; sourceTree = "<group>"; };
		FAFF914F2C71879900BB1956 /* Assets.xcassets */ = {isa = PBXFileReference; lastKnownFileType = folder.assetcatalog; path = Assets.xcassets; sourceTree = "<group>"; };
		FAFF91542C71879900BB1956 /* Info.plist */ = {isa = PBXFileReference; lastKnownFileType = text.plist.xml; path = Info.plist; sourceTree = "<group>"; };
		FAFF91592C71879900BB1956 /* AugmentedNewspaperTests.xctest */ = {isa = PBXFileReference; explicitFileType = wrapper.cfbundle; includeInIndex = 0; path = AugmentedNewspaperTests.xctest; sourceTree = BUILT_PRODUCTS_DIR; };
		FAFF915D2C71879900BB1956 /* AugmentedNewspaperTests.swift */ = {isa = PBXFileReference; lastKnownFileType = sourcecode.swift; path = AugmentedNewspaperTests.swift; sourceTree = "<group>"; };
		FAFF91792C72B4E100BB1956 /* OfferView.swift */ = {isa = PBXFileReference; lastKnownFileType = sourcecode.swift; path = OfferView.swift; sourceTree = "<group>"; };
		FAFF917D2C72B7E800BB1956 /* SubscriptionPage.swift */ = {isa = PBXFileReference; lastKnownFileType = sourcecode.swift; path = SubscriptionPage.swift; sourceTree = "<group>"; };
		FAFF917F2C72BA1100BB1956 /* CircleButton.swift */ = {isa = PBXFileReference; lastKnownFileType = sourcecode.swift; path = CircleButton.swift; sourceTree = "<group>"; };
		FAFF91812C72DA4800BB1956 /* DetailViewModel.swift */ = {isa = PBXFileReference; lastKnownFileType = sourcecode.swift; path = DetailViewModel.swift; sourceTree = "<group>"; };
		FAFF91852C72E79800BB1956 /* OfferStackView.swift */ = {isa = PBXFileReference; lastKnownFileType = sourcecode.swift; path = OfferStackView.swift; sourceTree = "<group>"; };
		FAFF91872C72F29D00BB1956 /* BenefitStackView.swift */ = {isa = PBXFileReference; lastKnownFileType = sourcecode.swift; path = BenefitStackView.swift; sourceTree = "<group>"; };
		FAFF91892C72F35000BB1956 /* Offer.swift */ = {isa = PBXFileReference; lastKnownFileType = sourcecode.swift; path = Offer.swift; sourceTree = "<group>"; };
		FAFF918B2C72F36700BB1956 /* SubscriptionDetails.swift */ = {isa = PBXFileReference; lastKnownFileType = sourcecode.swift; path = SubscriptionDetails.swift; sourceTree = "<group>"; };
		FAFFF9042C72F7EA00B60D8E /* BenefitView.swift */ = {isa = PBXFileReference; lastKnownFileType = sourcecode.swift; path = BenefitView.swift; sourceTree = "<group>"; };
		FAFFF9062C730A5F00B60D8E /* SpacerView.swift */ = {isa = PBXFileReference; lastKnownFileType = sourcecode.swift; path = SpacerView.swift; sourceTree = "<group>"; };
		FAFFF90C2C730D5400B60D8E /* HeaderView.swift */ = {isa = PBXFileReference; lastKnownFileType = sourcecode.swift; path = HeaderView.swift; sourceTree = "<group>"; };
		FAFFF90F2C730F1A00B60D8E /* UIImageViewExtensions.swift */ = {isa = PBXFileReference; lastKnownFileType = sourcecode.swift; path = UIImageViewExtensions.swift; sourceTree = "<group>"; };
		FAFFF9112C7311D500B60D8E /* LoadingImageView.swift */ = {isa = PBXFileReference; lastKnownFileType = sourcecode.swift; path = LoadingImageView.swift; sourceTree = "<group>"; };
		FAFFF9132C73146F00B60D8E /* SubscriptionService.swift */ = {isa = PBXFileReference; lastKnownFileType = sourcecode.swift; path = SubscriptionService.swift; sourceTree = "<group>"; };
		FAFFF9162C731CDB00B60D8E /* CoreDataService.swift */ = {isa = PBXFileReference; lastKnownFileType = sourcecode.swift; path = CoreDataService.swift; sourceTree = "<group>"; };
		FAFFF9182C731D5300B60D8E /* PersistenceController.swift */ = {isa = PBXFileReference; lastKnownFileType = sourcecode.swift; path = PersistenceController.swift; sourceTree = "<group>"; };
		FAFFF91B2C7328EB00B60D8E /* MockSubscriptionService.swift */ = {isa = PBXFileReference; lastKnownFileType = sourcecode.swift; path = MockSubscriptionService.swift; sourceTree = "<group>"; };
		FAFFF91D2C73291100B60D8E /* MockCoreDataService.swift */ = {isa = PBXFileReference; lastKnownFileType = sourcecode.swift; path = MockCoreDataService.swift; sourceTree = "<group>"; };
/* End PBXFileReference section */

/* Begin PBXFrameworksBuildPhase section */
		FAFF913D2C71879600BB1956 /* Frameworks */ = {
			isa = PBXFrameworksBuildPhase;
			buildActionMask = 2147483647;
			files = (
			);
			runOnlyForDeploymentPostprocessing = 0;
		};
		FAFF91562C71879900BB1956 /* Frameworks */ = {
			isa = PBXFrameworksBuildPhase;
			buildActionMask = 2147483647;
			files = (
			);
			runOnlyForDeploymentPostprocessing = 0;
		};
/* End PBXFrameworksBuildPhase section */

/* Begin PBXGroup section */
		FAFF91372C71879600BB1956 = {
			isa = PBXGroup;
			children = (
				FAFF91422C71879600BB1956 /* AugmentedNewspaper */,
				FAFF915C2C71879900BB1956 /* AugmentedNewspaperTests */,
				FAFF91412C71879600BB1956 /* Products */,
			);
			sourceTree = "<group>";
		};
		FAFF91412C71879600BB1956 /* Products */ = {
			isa = PBXGroup;
			children = (
				FAFF91402C71879600BB1956 /* AugmentedNewspaper.app */,
				FAFF91592C71879900BB1956 /* AugmentedNewspaperTests.xctest */,
			);
			name = Products;
			sourceTree = "<group>";
		};
		FAFF91422C71879600BB1956 /* AugmentedNewspaper */ = {
			isa = PBXGroup;
			children = (
				FAFFF90E2C730F1100B60D8E /* Extensions */,
				FAFFF9082C730C8700B60D8E /* UIComponents */,
				FAFF91772C719A0400BB1956 /* Modules */,
				FAFF91432C71879600BB1956 /* AppDelegate.swift */,
				FAFF91452C71879600BB1956 /* SceneDelegate.swift */,
				FAFF914F2C71879900BB1956 /* Assets.xcassets */,
				FAFF91542C71879900BB1956 /* Info.plist */,
				FAFF914C2C71879600BB1956 /* AugmentedNewspaper.xcdatamodeld */,
				FAFFF9182C731D5300B60D8E /* PersistenceController.swift */,
			);
			path = AugmentedNewspaper;
			sourceTree = "<group>";
		};
		FAFF915C2C71879900BB1956 /* AugmentedNewspaperTests */ = {
			isa = PBXGroup;
			children = (
				FAFFF91A2C7328D200B60D8E /* Mocks */,
				FAFF915D2C71879900BB1956 /* AugmentedNewspaperTests.swift */,
			);
			path = AugmentedNewspaperTests;
			sourceTree = "<group>";
		};
		FAFF91772C719A0400BB1956 /* Modules */ = {
			isa = PBXGroup;
			children = (
				FAFF91782C719A0600BB1956 /* SubscriptionDetail */,
			);
			path = Modules;
			sourceTree = "<group>";
		};
		FAFF91782C719A0600BB1956 /* SubscriptionDetail */ = {
			isa = PBXGroup;
			children = (
				FAFF917B2C72B7AB00BB1956 /* Model */,
				FAFF91832C72E2BA00BB1956 /* View */,
				FAFF91842C72E2BC00BB1956 /* ViewModel */,
			);
			path = SubscriptionDetail;
			sourceTree = "<group>";
		};
		FAFF917B2C72B7AB00BB1956 /* Model */ = {
			isa = PBXGroup;
			children = (
				FAFF917D2C72B7E800BB1956 /* SubscriptionPage.swift */,
				FAFF918B2C72F36700BB1956 /* SubscriptionDetails.swift */,
				FAFF91892C72F35000BB1956 /* Offer.swift */,
			);
			path = Model;
			sourceTree = "<group>";
		};
		FAFF91832C72E2BA00BB1956 /* View */ = {
			isa = PBXGroup;
			children = (
				FAFF91472C71879600BB1956 /* DetailViewController.swift */,
				FAFFF90B2C730CAC00B60D8E /* Benefit */,
				FAFFF90A2C730CA500B60D8E /* Offer */,
			);
			path = View;
			sourceTree = "<group>";
		};
		FAFF91842C72E2BC00BB1956 /* ViewModel */ = {
			isa = PBXGroup;
			children = (
				FAFFF9152C731B2700B60D8E /* Service */,
				FAFF91812C72DA4800BB1956 /* DetailViewModel.swift */,
			);
			path = ViewModel;
			sourceTree = "<group>";
		};
		FAFFF9082C730C8700B60D8E /* UIComponents */ = {
			isa = PBXGroup;
			children = (
				FAFF917F2C72BA1100BB1956 /* CircleButton.swift */,
				FAFFF9112C7311D500B60D8E /* LoadingImageView.swift */,
				FAFFF9062C730A5F00B60D8E /* SpacerView.swift */,
				FAFFF90C2C730D5400B60D8E /* HeaderView.swift */,
			);
			path = UIComponents;
			sourceTree = "<group>";
		};
		FAFFF90A2C730CA500B60D8E /* Offer */ = {
			isa = PBXGroup;
			children = (
				FAFF91852C72E79800BB1956 /* OfferStackView.swift */,
				FAFF91792C72B4E100BB1956 /* OfferView.swift */,
			);
			path = Offer;
			sourceTree = "<group>";
		};
		FAFFF90B2C730CAC00B60D8E /* Benefit */ = {
			isa = PBXGroup;
			children = (
				FAFF91872C72F29D00BB1956 /* BenefitStackView.swift */,
				FAFFF9042C72F7EA00B60D8E /* BenefitView.swift */,
			);
			path = Benefit;
			sourceTree = "<group>";
		};
		FAFFF90E2C730F1100B60D8E /* Extensions */ = {
			isa = PBXGroup;
			children = (
				FAFFF90F2C730F1A00B60D8E /* UIImageViewExtensions.swift */,
			);
			path = Extensions;
			sourceTree = "<group>";
		};
		FAFFF9152C731B2700B60D8E /* Service */ = {
			isa = PBXGroup;
			children = (
				FAFFF9132C73146F00B60D8E /* SubscriptionService.swift */,
				FAFFF9162C731CDB00B60D8E /* CoreDataService.swift */,
			);
			path = Service;
			sourceTree = "<group>";
		};
		FAFFF91A2C7328D200B60D8E /* Mocks */ = {
			isa = PBXGroup;
			children = (
				FAFFF91B2C7328EB00B60D8E /* MockSubscriptionService.swift */,
				FAFFF91D2C73291100B60D8E /* MockCoreDataService.swift */,
			);
			path = Mocks;
			sourceTree = "<group>";
		};
/* End PBXGroup section */

/* Begin PBXNativeTarget section */
		FAFF913F2C71879600BB1956 /* AugmentedNewspaper */ = {
			isa = PBXNativeTarget;
			buildConfigurationList = FAFF916D2C71879900BB1956 /* Build configuration list for PBXNativeTarget "AugmentedNewspaper" */;
			buildPhases = (
				FAFF913C2C71879600BB1956 /* Sources */,
				FAFF913D2C71879600BB1956 /* Frameworks */,
				FAFF913E2C71879600BB1956 /* Resources */,
				FAFF91762C71904200BB1956 /* ShellScript */,
			);
			buildRules = (
			);
			dependencies = (
			);
			name = AugmentedNewspaper;
			productName = AugmentedNewspaper;
			productReference = FAFF91402C71879600BB1956 /* AugmentedNewspaper.app */;
			productType = "com.apple.product-type.application";
		};
		FAFF91582C71879900BB1956 /* AugmentedNewspaperTests */ = {
			isa = PBXNativeTarget;
			buildConfigurationList = FAFF91702C71879900BB1956 /* Build configuration list for PBXNativeTarget "AugmentedNewspaperTests" */;
			buildPhases = (
				FAFF91552C71879900BB1956 /* Sources */,
				FAFF91562C71879900BB1956 /* Frameworks */,
				FAFF91572C71879900BB1956 /* Resources */,
			);
			buildRules = (
			);
			dependencies = (
				FAFF915B2C71879900BB1956 /* PBXTargetDependency */,
			);
			name = AugmentedNewspaperTests;
			productName = AugmentedNewspaperTests;
			productReference = FAFF91592C71879900BB1956 /* AugmentedNewspaperTests.xctest */;
			productType = "com.apple.product-type.bundle.unit-test";
		};
/* End PBXNativeTarget section */

/* Begin PBXProject section */
		FAFF91382C71879600BB1956 /* Project object */ = {
			isa = PBXProject;
			attributes = {
				BuildIndependentTargetsInParallel = 1;
				LastSwiftUpdateCheck = 1540;
				LastUpgradeCheck = 1540;
				TargetAttributes = {
					FAFF913F2C71879600BB1956 = {
						CreatedOnToolsVersion = 15.4;
					};
					FAFF91582C71879900BB1956 = {
						CreatedOnToolsVersion = 15.4;
						TestTargetID = FAFF913F2C71879600BB1956;
					};
				};
			};
			buildConfigurationList = FAFF913B2C71879600BB1956 /* Build configuration list for PBXProject "AugmentedNewspaper" */;
			compatibilityVersion = "Xcode 14.0";
			developmentRegion = en;
			hasScannedForEncodings = 0;
			knownRegions = (
				en,
				Base,
			);
			mainGroup = FAFF91372C71879600BB1956;
			productRefGroup = FAFF91412C71879600BB1956 /* Products */;
			projectDirPath = "";
			projectRoot = "";
			targets = (
				FAFF913F2C71879600BB1956 /* AugmentedNewspaper */,
				FAFF91582C71879900BB1956 /* AugmentedNewspaperTests */,
			);
		};
/* End PBXProject section */

/* Begin PBXResourcesBuildPhase section */
		FAFF913E2C71879600BB1956 /* Resources */ = {
			isa = PBXResourcesBuildPhase;
			buildActionMask = 2147483647;
			files = (
				FAFF91502C71879900BB1956 /* Assets.xcassets in Resources */,
			);
			runOnlyForDeploymentPostprocessing = 0;
		};
		FAFF91572C71879900BB1956 /* Resources */ = {
			isa = PBXResourcesBuildPhase;
			buildActionMask = 2147483647;
			files = (
			);
			runOnlyForDeploymentPostprocessing = 0;
		};
/* End PBXResourcesBuildPhase section */

/* Begin PBXShellScriptBuildPhase section */
		FAFF91762C71904200BB1956 /* ShellScript */ = {
			isa = PBXShellScriptBuildPhase;
			alwaysOutOfDate = 1;
			buildActionMask = 2147483647;
			files = (
			);
			inputFileListPaths = (
			);
			inputPaths = (
			);
			outputFileListPaths = (
			);
			outputPaths = (
			);
			runOnlyForDeploymentPostprocessing = 0;
			shellPath = /bin/sh;
			shellScript = "if [[ \"$(uname -m)\" == arm64 ]]\nthen\n    export PATH=\"/opt/homebrew/bin:$PATH\"\nfi\n\nif command -v swiftlint >/dev/null 2>&1\nthen\n    swiftlint\nelse\n    echo \"warning: `swiftlint` command not found - See https://github.com/realm/SwiftLint#installation for installation instructions.\"\nfi\n";
		};
/* End PBXShellScriptBuildPhase section */

/* Begin PBXSourcesBuildPhase section */
		FAFF913C2C71879600BB1956 /* Sources */ = {
			isa = PBXSourcesBuildPhase;
			buildActionMask = 2147483647;
			files = (
				FAFFF9072C730A5F00B60D8E /* SpacerView.swift in Sources */,
				FAFF91802C72BA1100BB1956 /* CircleButton.swift in Sources */,
				FAFFF9102C730F1A00B60D8E /* UIImageViewExtensions.swift in Sources */,
				FAFF91482C71879600BB1956 /* DetailViewController.swift in Sources */,
				FAFF91442C71879600BB1956 /* AppDelegate.swift in Sources */,
				FAFF914E2C71879600BB1956 /* AugmentedNewspaper.xcdatamodeld in Sources */,
				FAFF917E2C72B7E800BB1956 /* SubscriptionPage.swift in Sources */,
				FAFF91462C71879600BB1956 /* SceneDelegate.swift in Sources */,
				FAFFF9142C73146F00B60D8E /* SubscriptionService.swift in Sources */,
				FAFFF9052C72F7EA00B60D8E /* BenefitView.swift in Sources */,
				FAFF918C2C72F36700BB1956 /* SubscriptionDetails.swift in Sources */,
				FAFF91862C72E79800BB1956 /* OfferStackView.swift in Sources */,
				FAFFF90D2C730D5400B60D8E /* HeaderView.swift in Sources */,
				FAFFF9172C731CDB00B60D8E /* CoreDataService.swift in Sources */,
				FAFF918A2C72F35000BB1956 /* Offer.swift in Sources */,
				FAFF917A2C72B4E100BB1956 /* OfferView.swift in Sources */,
				FAFFF9122C7311D500B60D8E /* LoadingImageView.swift in Sources */,
				FAFF91882C72F29D00BB1956 /* BenefitStackView.swift in Sources */,
				FAFF91822C72DA4800BB1956 /* DetailViewModel.swift in Sources */,
				FAFFF9192C731D5300B60D8E /* PersistenceController.swift in Sources */,
			);
			runOnlyForDeploymentPostprocessing = 0;
		};
		FAFF91552C71879900BB1956 /* Sources */ = {
			isa = PBXSourcesBuildPhase;
			buildActionMask = 2147483647;
			files = (
				FAFFF91C2C7328EC00B60D8E /* MockSubscriptionService.swift in Sources */,
				FAFF915E2C71879900BB1956 /* AugmentedNewspaperTests.swift in Sources */,
				FAFFF91E2C73291100B60D8E /* MockCoreDataService.swift in Sources */,
			);
			runOnlyForDeploymentPostprocessing = 0;
		};
/* End PBXSourcesBuildPhase section */

/* Begin PBXTargetDependency section */
		FAFF915B2C71879900BB1956 /* PBXTargetDependency */ = {
			isa = PBXTargetDependency;
			target = FAFF913F2C71879600BB1956 /* AugmentedNewspaper */;
			targetProxy = FAFF915A2C71879900BB1956 /* PBXContainerItemProxy */;
		};
/* End PBXTargetDependency section */

/* Begin XCBuildConfiguration section */
		FAFF916B2C71879900BB1956 /* Debug */ = {
			isa = XCBuildConfiguration;
			buildSettings = {
				ALWAYS_SEARCH_USER_PATHS = NO;
				ASSETCATALOG_COMPILER_GENERATE_SWIFT_ASSET_SYMBOL_EXTENSIONS = YES;
				CLANG_ANALYZER_NONNULL = YES;
				CLANG_ANALYZER_NUMBER_OBJECT_CONVERSION = YES_AGGRESSIVE;
				CLANG_CXX_LANGUAGE_STANDARD = "gnu++20";
				CLANG_ENABLE_MODULES = YES;
				CLANG_ENABLE_OBJC_ARC = YES;
				CLANG_ENABLE_OBJC_WEAK = YES;
				CLANG_WARN_BLOCK_CAPTURE_AUTORELEASING = YES;
				CLANG_WARN_BOOL_CONVERSION = YES;
				CLANG_WARN_COMMA = YES;
				CLANG_WARN_CONSTANT_CONVERSION = YES;
				CLANG_WARN_DEPRECATED_OBJC_IMPLEMENTATIONS = YES;
				CLANG_WARN_DIRECT_OBJC_ISA_USAGE = YES_ERROR;
				CLANG_WARN_DOCUMENTATION_COMMENTS = YES;
				CLANG_WARN_EMPTY_BODY = YES;
				CLANG_WARN_ENUM_CONVERSION = YES;
				CLANG_WARN_INFINITE_RECURSION = YES;
				CLANG_WARN_INT_CONVERSION = YES;
				CLANG_WARN_NON_LITERAL_NULL_CONVERSION = YES;
				CLANG_WARN_OBJC_IMPLICIT_RETAIN_SELF = YES;
				CLANG_WARN_OBJC_LITERAL_CONVERSION = YES;
				CLANG_WARN_OBJC_ROOT_CLASS = YES_ERROR;
				CLANG_WARN_QUOTED_INCLUDE_IN_FRAMEWORK_HEADER = YES;
				CLANG_WARN_RANGE_LOOP_ANALYSIS = YES;
				CLANG_WARN_STRICT_PROTOTYPES = YES;
				CLANG_WARN_SUSPICIOUS_MOVE = YES;
				CLANG_WARN_UNGUARDED_AVAILABILITY = YES_AGGRESSIVE;
				CLANG_WARN_UNREACHABLE_CODE = YES;
				CLANG_WARN__DUPLICATE_METHOD_MATCH = YES;
				COPY_PHASE_STRIP = NO;
				DEBUG_INFORMATION_FORMAT = dwarf;
				ENABLE_STRICT_OBJC_MSGSEND = YES;
				ENABLE_TESTABILITY = YES;
				ENABLE_USER_SCRIPT_SANDBOXING = YES;
				GCC_C_LANGUAGE_STANDARD = gnu17;
				GCC_DYNAMIC_NO_PIC = NO;
				GCC_NO_COMMON_BLOCKS = YES;
				GCC_OPTIMIZATION_LEVEL = 0;
				GCC_PREPROCESSOR_DEFINITIONS = (
					"DEBUG=1",
					"$(inherited)",
				);
				GCC_WARN_64_TO_32_BIT_CONVERSION = YES;
				GCC_WARN_ABOUT_RETURN_TYPE = YES_ERROR;
				GCC_WARN_UNDECLARED_SELECTOR = YES;
				GCC_WARN_UNINITIALIZED_AUTOS = YES_AGGRESSIVE;
				GCC_WARN_UNUSED_FUNCTION = YES;
				GCC_WARN_UNUSED_VARIABLE = YES;
				IPHONEOS_DEPLOYMENT_TARGET = 17.5;
				LOCALIZATION_PREFERS_STRING_CATALOGS = YES;
				MTL_ENABLE_DEBUG_INFO = INCLUDE_SOURCE;
				MTL_FAST_MATH = YES;
				ONLY_ACTIVE_ARCH = YES;
				SDKROOT = iphoneos;
				SWIFT_ACTIVE_COMPILATION_CONDITIONS = "DEBUG $(inherited)";
				SWIFT_OPTIMIZATION_LEVEL = "-Onone";
			};
			name = Debug;
		};
		FAFF916C2C71879900BB1956 /* Release */ = {
			isa = XCBuildConfiguration;
			buildSettings = {
				ALWAYS_SEARCH_USER_PATHS = NO;
				ASSETCATALOG_COMPILER_GENERATE_SWIFT_ASSET_SYMBOL_EXTENSIONS = YES;
				CLANG_ANALYZER_NONNULL = YES;
				CLANG_ANALYZER_NUMBER_OBJECT_CONVERSION = YES_AGGRESSIVE;
				CLANG_CXX_LANGUAGE_STANDARD = "gnu++20";
				CLANG_ENABLE_MODULES = YES;
				CLANG_ENABLE_OBJC_ARC = YES;
				CLANG_ENABLE_OBJC_WEAK = YES;
				CLANG_WARN_BLOCK_CAPTURE_AUTORELEASING = YES;
				CLANG_WARN_BOOL_CONVERSION = YES;
				CLANG_WARN_COMMA = YES;
				CLANG_WARN_CONSTANT_CONVERSION = YES;
				CLANG_WARN_DEPRECATED_OBJC_IMPLEMENTATIONS = YES;
				CLANG_WARN_DIRECT_OBJC_ISA_USAGE = YES_ERROR;
				CLANG_WARN_DOCUMENTATION_COMMENTS = YES;
				CLANG_WARN_EMPTY_BODY = YES;
				CLANG_WARN_ENUM_CONVERSION = YES;
				CLANG_WARN_INFINITE_RECURSION = YES;
				CLANG_WARN_INT_CONVERSION = YES;
				CLANG_WARN_NON_LITERAL_NULL_CONVERSION = YES;
				CLANG_WARN_OBJC_IMPLICIT_RETAIN_SELF = YES;
				CLANG_WARN_OBJC_LITERAL_CONVERSION = YES;
				CLANG_WARN_OBJC_ROOT_CLASS = YES_ERROR;
				CLANG_WARN_QUOTED_INCLUDE_IN_FRAMEWORK_HEADER = YES;
				CLANG_WARN_RANGE_LOOP_ANALYSIS = YES;
				CLANG_WARN_STRICT_PROTOTYPES = YES;
				CLANG_WARN_SUSPICIOUS_MOVE = YES;
				CLANG_WARN_UNGUARDED_AVAILABILITY = YES_AGGRESSIVE;
				CLANG_WARN_UNREACHABLE_CODE = YES;
				CLANG_WARN__DUPLICATE_METHOD_MATCH = YES;
				COPY_PHASE_STRIP = NO;
				DEBUG_INFORMATION_FORMAT = "dwarf-with-dsym";
				ENABLE_NS_ASSERTIONS = NO;
				ENABLE_STRICT_OBJC_MSGSEND = YES;
				ENABLE_USER_SCRIPT_SANDBOXING = YES;
				GCC_C_LANGUAGE_STANDARD = gnu17;
				GCC_NO_COMMON_BLOCKS = YES;
				GCC_WARN_64_TO_32_BIT_CONVERSION = YES;
				GCC_WARN_ABOUT_RETURN_TYPE = YES_ERROR;
				GCC_WARN_UNDECLARED_SELECTOR = YES;
				GCC_WARN_UNINITIALIZED_AUTOS = YES_AGGRESSIVE;
				GCC_WARN_UNUSED_FUNCTION = YES;
				GCC_WARN_UNUSED_VARIABLE = YES;
				IPHONEOS_DEPLOYMENT_TARGET = 17.5;
				LOCALIZATION_PREFERS_STRING_CATALOGS = YES;
				MTL_ENABLE_DEBUG_INFO = NO;
				MTL_FAST_MATH = YES;
				SDKROOT = iphoneos;
				SWIFT_COMPILATION_MODE = wholemodule;
				VALIDATE_PRODUCT = YES;
			};
			name = Release;
		};
		FAFF916E2C71879900BB1956 /* Debug */ = {
			isa = XCBuildConfiguration;
			buildSettings = {
				ASSETCATALOG_COMPILER_APPICON_NAME = AppIcon;
				ASSETCATALOG_COMPILER_GLOBAL_ACCENT_COLOR_NAME = AccentColor;
				CODE_SIGN_STYLE = Automatic;
				CURRENT_PROJECT_VERSION = 1;
				DEVELOPMENT_TEAM = 5MV7WNHQCD;
				ENABLE_USER_SCRIPT_SANDBOXING = NO;
				GENERATE_INFOPLIST_FILE = YES;
				INFOPLIST_FILE = AugmentedNewspaper/Info.plist;
				INFOPLIST_KEY_UIApplicationSupportsIndirectInputEvents = YES;
				INFOPLIST_KEY_UILaunchStoryboardName = LaunchScreen;
				INFOPLIST_KEY_UIMainStoryboardFile = Main;
				INFOPLIST_KEY_UISupportedInterfaceOrientations = UIInterfaceOrientationPortrait;
				INFOPLIST_KEY_UISupportedInterfaceOrientations_iPad = "UIInterfaceOrientationLandscapeLeft UIInterfaceOrientationLandscapeRight UIInterfaceOrientationPortrait UIInterfaceOrientationPortraitUpsideDown";
				IPHONEOS_DEPLOYMENT_TARGET = 13.0;
				LD_RUNPATH_SEARCH_PATHS = (
					"$(inherited)",
					"@executable_path/Frameworks",
				);
				MARKETING_VERSION = 1.0;
				PRODUCT_BUNDLE_IDENTIFIER = newspaper.arthuroli.AugmentedNewspaper;
				PRODUCT_NAME = "$(TARGET_NAME)";
				SWIFT_EMIT_LOC_STRINGS = YES;
				SWIFT_VERSION = 5.0;
				TARGETED_DEVICE_FAMILY = "1,2";
			};
			name = Debug;
		};
		FAFF916F2C71879900BB1956 /* Release */ = {
			isa = XCBuildConfiguration;
			buildSettings = {
				ASSETCATALOG_COMPILER_APPICON_NAME = AppIcon;
				ASSETCATALOG_COMPILER_GLOBAL_ACCENT_COLOR_NAME = AccentColor;
				CODE_SIGN_STYLE = Automatic;
				CURRENT_PROJECT_VERSION = 1;
				DEVELOPMENT_TEAM = 5MV7WNHQCD;
				ENABLE_USER_SCRIPT_SANDBOXING = NO;
				GENERATE_INFOPLIST_FILE = YES;
				INFOPLIST_FILE = AugmentedNewspaper/Info.plist;
				INFOPLIST_KEY_UIApplicationSupportsIndirectInputEvents = YES;
				INFOPLIST_KEY_UILaunchStoryboardName = LaunchScreen;
				INFOPLIST_KEY_UIMainStoryboardFile = Main;
				INFOPLIST_KEY_UISupportedInterfaceOrientations = UIInterfaceOrientationPortrait;
				INFOPLIST_KEY_UISupportedInterfaceOrientations_iPad = "UIInterfaceOrientationLandscapeLeft UIInterfaceOrientationLandscapeRight UIInterfaceOrientationPortrait UIInterfaceOrientationPortraitUpsideDown";
				IPHONEOS_DEPLOYMENT_TARGET = 13.0;
				LD_RUNPATH_SEARCH_PATHS = (
					"$(inherited)",
					"@executable_path/Frameworks",
				);
				MARKETING_VERSION = 1.0;
				PRODUCT_BUNDLE_IDENTIFIER = newspaper.arthuroli.AugmentedNewspaper;
				PRODUCT_NAME = "$(TARGET_NAME)";
				SWIFT_EMIT_LOC_STRINGS = YES;
				SWIFT_VERSION = 5.0;
				TARGETED_DEVICE_FAMILY = "1,2";
			};
			name = Release;
		};
		FAFF91712C71879900BB1956 /* Debug */ = {
			isa = XCBuildConfiguration;
			buildSettings = {
				ALWAYS_EMBED_SWIFT_STANDARD_LIBRARIES = YES;
				BUNDLE_LOADER = "$(TEST_HOST)";
				CODE_SIGN_STYLE = Automatic;
				CURRENT_PROJECT_VERSION = 1;
				DEVELOPMENT_TEAM = 5MV7WNHQCD;
				GENERATE_INFOPLIST_FILE = YES;
				IPHONEOS_DEPLOYMENT_TARGET = 17.5;
				MARKETING_VERSION = 1.0;
				PRODUCT_BUNDLE_IDENTIFIER = newspaper.arthuroli.AugmentedNewspaperTests;
				PRODUCT_NAME = "$(TARGET_NAME)";
				SWIFT_EMIT_LOC_STRINGS = NO;
				SWIFT_VERSION = 5.0;
				TARGETED_DEVICE_FAMILY = "1,2";
				TEST_HOST = "$(BUILT_PRODUCTS_DIR)/AugmentedNewspaper.app/$(BUNDLE_EXECUTABLE_FOLDER_PATH)/AugmentedNewspaper";
			};
			name = Debug;
		};
		FAFF91722C71879900BB1956 /* Release */ = {
			isa = XCBuildConfiguration;
			buildSettings = {
				ALWAYS_EMBED_SWIFT_STANDARD_LIBRARIES = YES;
				BUNDLE_LOADER = "$(TEST_HOST)";
				CODE_SIGN_STYLE = Automatic;
				CURRENT_PROJECT_VERSION = 1;
				DEVELOPMENT_TEAM = 5MV7WNHQCD;
				GENERATE_INFOPLIST_FILE = YES;
				IPHONEOS_DEPLOYMENT_TARGET = 17.5;
				MARKETING_VERSION = 1.0;
				PRODUCT_BUNDLE_IDENTIFIER = newspaper.arthuroli.AugmentedNewspaperTests;
				PRODUCT_NAME = "$(TARGET_NAME)";
				SWIFT_EMIT_LOC_STRINGS = NO;
				SWIFT_VERSION = 5.0;
				TARGETED_DEVICE_FAMILY = "1,2";
				TEST_HOST = "$(BUILT_PRODUCTS_DIR)/AugmentedNewspaper.app/$(BUNDLE_EXECUTABLE_FOLDER_PATH)/AugmentedNewspaper";
			};
			name = Release;
		};
/* End XCBuildConfiguration section */

/* Begin XCConfigurationList section */
		FAFF913B2C71879600BB1956 /* Build configuration list for PBXProject "AugmentedNewspaper" */ = {
			isa = XCConfigurationList;
			buildConfigurations = (
				FAFF916B2C71879900BB1956 /* Debug */,
				FAFF916C2C71879900BB1956 /* Release */,
			);
			defaultConfigurationIsVisible = 0;
			defaultConfigurationName = Release;
		};
		FAFF916D2C71879900BB1956 /* Build configuration list for PBXNativeTarget "AugmentedNewspaper" */ = {
			isa = XCConfigurationList;
			buildConfigurations = (
				FAFF916E2C71879900BB1956 /* Debug */,
				FAFF916F2C71879900BB1956 /* Release */,
			);
			defaultConfigurationIsVisible = 0;
			defaultConfigurationName = Release;
		};
		FAFF91702C71879900BB1956 /* Build configuration list for PBXNativeTarget "AugmentedNewspaperTests" */ = {
			isa = XCConfigurationList;
			buildConfigurations = (
				FAFF91712C71879900BB1956 /* Debug */,
				FAFF91722C71879900BB1956 /* Release */,
			);
			defaultConfigurationIsVisible = 0;
			defaultConfigurationName = Release;
		};
/* End XCConfigurationList section */

/* Begin XCVersionGroup section */
		FAFF914C2C71879600BB1956 /* AugmentedNewspaper.xcdatamodeld */ = {
			isa = XCVersionGroup;
			children = (
				FAFF914D2C71879600BB1956 /* AugmentedNewspaper.xcdatamodel */,
			);
			currentVersion = FAFF914D2C71879600BB1956 /* AugmentedNewspaper.xcdatamodel */;
			path = AugmentedNewspaper.xcdatamodeld;
			sourceTree = "<group>";
			versionGroupType = wrapper.xcdatamodel;
		};
/* End XCVersionGroup section */
	};
	rootObject = FAFF91382C71879600BB1956 /* Project object */;
}
